
Microsoft Visual Studio Solution File, Format Version 12.00
# Visual Studio Version 17
VisualStudioVersion = 17.6.33723.286
MinimumVisualStudioVersion = 10.0.40219.1
Project("{9A19103F-16F7-4668-BE54-9A1E7A4F7556}") = "BlazorApp4", "BlazorApp4\BlazorApp4.csproj", "{D36A50D8-84E4-49E2-9E56-6CCF4C684735}"
EndProject
Project("{9A19103F-16F7-4668-BE54-9A1E7A4F7556}") = "QWE.ASDF.WebAdapterHelper", "QWE.WebAdapterHelper\QWE.ASDF.WebAdapterHelper.csproj", "{82F3EA6F-53C3-4B91-B6FD-5FD0C71D465B}"
EndProject
Project("{FAE04EC0-301F-11D3-BF4B-00C04F79EFBC}") = "NetFrameWorkAp", "NetFrameWorkAp\NetFrameWorkAp.csproj", "{F521D798-A148-4DA5-A735-DF70F30A4019}"
EndProject
Global
	GlobalSection(SolutionConfigurationPlatforms) = preSolution
		Debug|Any CPU = Debug|Any CPU
		Release|Any CPU = Release|Any CPU
	EndGlobalSection
	GlobalSection(ProjectConfigurationPlatforms) = postSolution
		{D36A50D8-84E4-49E2-9E56-6CCF4C684735}.Debug|Any CPU.ActiveCfg = Debug|Any CPU
		{D36A50D8-84E4-49E2-9E56-6CCF4C684735}.Debug|Any CPU.Build.0 = Debug|Any CPU
		{D36A50D8-84E4-49E2-9E56-6CCF4C684735}.Release|Any CPU.ActiveCfg = Release|Any CPU
		{D36A50D8-84E4-49E2-9E56-6CCF4C684735}.Release|Any CPU.Build.0 = Release|Any CPU
		{82F3EA6F-53C3-4B91-B6FD-5FD0C71D465B}.Debug|Any CPU.ActiveCfg = Debug|Any CPU
		{82F3EA6F-53C3-4B91-B6FD-5FD0C71D465B}.Debug|Any CPU.Build.0 = Debug|Any CPU
		{82F3EA6F-53C3-4B91-B6FD-5FD0C71D465B}.Release|Any CPU.ActiveCfg = Release|Any CPU
		{82F3EA6F-53C3-4B91-B6FD-5FD0C71D465B}.Release|Any CPU.Build.0 = Release|Any CPU
		{F521D798-A148-4DA5-A735-DF70F30A4019}.Debug|Any CPU.ActiveCfg = Debug|Any CPU
		{F521D798-A148-4DA5-A735-DF70F30A4019}.Debug|Any CPU.Build.0 = Debug|Any CPU
		{F521D798-A148-4DA5-A735-DF70F30A4019}.Release|Any CPU.ActiveCfg = Release|Any CPU
		{F521D798-A148-4DA5-A735-DF70F30A4019}.Release|Any CPU.Build.0 = Release|Any CPU
	EndGlobalSection
	GlobalSection(SolutionProperties) = preSolution
		HideSolutionNode = FALSE
	EndGlobalSection
	GlobalSection(ExtensibilityGlobals) = postSolution
		SolutionGuid = {7553A971-2CE2-4510-A0E2-3BA6F4B652BC}
	EndGlobalSection
EndGlobal
